
Microsoft Visual Studio Solution File, Format Version 12.00
# Visual Studio Version 17
VisualStudioVersion = 17.7.34009.444
MinimumVisualStudioVersion = 10.0.40219.1
Project("{FAE04EC0-301F-11D3-BF4B-00C04F79EFBC}") = "E- comm", "E- comm\E- comm.csproj", "{42F6B653-61BE-4FD8-83A3-B67E23160F6A}"
EndProject
Global
	GlobalSection(SolutionConfigurationPlatforms) = preSolution
		Debug|Any CPU = Debug|Any CPU
		Release|Any CPU = Release|Any CPU
	EndGlobalSection
	GlobalSection(ProjectConfigurationPlatforms) = postSolution
		{42F6B653-61BE-4FD8-83A3-B67E23160F6A}.Debug|Any CPU.ActiveCfg = Debug|Any CPU
		{42F6B653-61BE-4FD8-83A3-B67E23160F6A}.Debug|Any CPU.Build.0 = Debug|Any CPU
		{42F6B653-61BE-4FD8-83A3-B67E23160F6A}.Release|Any CPU.ActiveCfg = Release|Any CPU
		{42F6B653-61BE-4FD8-83A3-B67E23160F6A}.Release|Any CPU.Build.0 = Release|Any CPU
	EndGlobalSection
	GlobalSection(SolutionProperties) = preSolution
		HideSolutionNode = FALSE
	EndGlobalSection
	GlobalSection(ExtensibilityGlobals) = postSolution
		SolutionGuid = {970EC95F-7A39-4A40-8BE1-5CAC2DA6EF49}
	EndGlobalSection
EndGlobal
